
Microsoft Visual Studio Solution File, Format Version 12.00
# Visual Studio Version 17
VisualStudioVersion = 17.4.33205.214
MinimumVisualStudioVersion = 10.0.40219.1
Project("{888888A0-9F3D-457C-B088-3A5042F75D52}") = "Andmebaasi_haldamine_raamatukataloogis", "Andmebaasi_haldamine_raamatukataloogis.pyproj", "{5360FFF2-0905-43BA-8111-AE2B7881CF98}"
EndProject
Global
	GlobalSection(SolutionConfigurationPlatforms) = preSolution
		Debug|Any CPU = Debug|Any CPU
		Release|Any CPU = Release|Any CPU
	EndGlobalSection
	GlobalSection(ProjectConfigurationPlatforms) = postSolution
		{5360FFF2-0905-43BA-8111-AE2B7881CF98}.Debug|Any CPU.ActiveCfg = Debug|Any CPU
		{5360FFF2-0905-43BA-8111-AE2B7881CF98}.Release|Any CPU.ActiveCfg = Release|Any CPU
	EndGlobalSection
	GlobalSection(SolutionProperties) = preSolution
		HideSolutionNode = FALSE
	EndGlobalSection
	GlobalSection(ExtensibilityGlobals) = postSolution
		SolutionGuid = {D2DBECE7-AEBA-4826-AB1E-65AD52D22EA1}
	EndGlobalSection
EndGlobal
